
Microsoft Visual Studio Solution File, Format Version 12.00
# Visual Studio Version 17
VisualStudioVersion = 17.13.35919.96 d17.13
MinimumVisualStudioVersion = 10.0.40219.1
Project("{FAE04EC0-301F-11D3-BF4B-00C04F79EFBC}") = "CompNSKSite", "CompNSKSite\CompNSKSite.csproj", "{4EF4CE52-F804-4C51-A4E5-F69802E21B04}"
EndProject
Global
	GlobalSection(SolutionConfigurationPlatforms) = preSolution
		Debug|Any CPU = Debug|Any CPU
		Release|Any CPU = Release|Any CPU
	EndGlobalSection
	GlobalSection(ProjectConfigurationPlatforms) = postSolution
		{4EF4CE52-F804-4C51-A4E5-F69802E21B04}.Debug|Any CPU.ActiveCfg = Debug|Any CPU
		{4EF4CE52-F804-4C51-A4E5-F69802E21B04}.Debug|Any CPU.Build.0 = Debug|Any CPU
		{4EF4CE52-F804-4C51-A4E5-F69802E21B04}.Release|Any CPU.ActiveCfg = Release|Any CPU
		{4EF4CE52-F804-4C51-A4E5-F69802E21B04}.Release|Any CPU.Build.0 = Release|Any CPU
	EndGlobalSection
	GlobalSection(SolutionProperties) = preSolution
		HideSolutionNode = FALSE
	EndGlobalSection
	GlobalSection(ExtensibilityGlobals) = postSolution
		SolutionGuid = {672ED45A-CAC5-4E71-BB3C-92B3F51B4604}
	EndGlobalSection
EndGlobal
